
Microsoft Visual Studio Solution File, Format Version 12.00
# Visual Studio Version 17
VisualStudioVersion = 17.7.34031.279
MinimumVisualStudioVersion = 10.0.40219.1
Project("{9A19103F-16F7-4668-BE54-9A1E7A4F7556}") = "Week4Loops", "Week4Loops\Week4Loops.csproj", "{D88EBCE5-A3C8-4B99-8030-7BD295840166}"
EndProject
Project("{FAE04EC0-301F-11D3-BF4B-00C04F79EFBC}") = "ForLoopSum", "ForLoopSum\ForLoopSum.csproj", "{DB883112-3B74-489F-A34D-3FC7833A5031}"
EndProject
Project("{FAE04EC0-301F-11D3-BF4B-00C04F79EFBC}") = "RandomNumber", "RandomNumber\RandomNumber.csproj", "{84C0389F-2511-4A56-8535-3A0C8DA22271}"
EndProject
Project("{FAE04EC0-301F-11D3-BF4B-00C04F79EFBC}") = "WhileLoops", "WhileLoops\WhileLoops.csproj", "{D7AFA5DE-66B2-43A9-A9B9-02C0AB0322EB}"
EndProject
Global
	GlobalSection(SolutionConfigurationPlatforms) = preSolution
		Debug|Any CPU = Debug|Any CPU
		Release|Any CPU = Release|Any CPU
	EndGlobalSection
	GlobalSection(ProjectConfigurationPlatforms) = postSolution
		{D88EBCE5-A3C8-4B99-8030-7BD295840166}.Debug|Any CPU.ActiveCfg = Debug|Any CPU
		{D88EBCE5-A3C8-4B99-8030-7BD295840166}.Debug|Any CPU.Build.0 = Debug|Any CPU
		{D88EBCE5-A3C8-4B99-8030-7BD295840166}.Release|Any CPU.ActiveCfg = Release|Any CPU
		{D88EBCE5-A3C8-4B99-8030-7BD295840166}.Release|Any CPU.Build.0 = Release|Any CPU
		{DB883112-3B74-489F-A34D-3FC7833A5031}.Debug|Any CPU.ActiveCfg = Debug|Any CPU
		{DB883112-3B74-489F-A34D-3FC7833A5031}.Debug|Any CPU.Build.0 = Debug|Any CPU
		{DB883112-3B74-489F-A34D-3FC7833A5031}.Release|Any CPU.ActiveCfg = Release|Any CPU
		{DB883112-3B74-489F-A34D-3FC7833A5031}.Release|Any CPU.Build.0 = Release|Any CPU
		{84C0389F-2511-4A56-8535-3A0C8DA22271}.Debug|Any CPU.ActiveCfg = Debug|Any CPU
		{84C0389F-2511-4A56-8535-3A0C8DA22271}.Debug|Any CPU.Build.0 = Debug|Any CPU
		{84C0389F-2511-4A56-8535-3A0C8DA22271}.Release|Any CPU.ActiveCfg = Release|Any CPU
		{84C0389F-2511-4A56-8535-3A0C8DA22271}.Release|Any CPU.Build.0 = Release|Any CPU
		{D7AFA5DE-66B2-43A9-A9B9-02C0AB0322EB}.Debug|Any CPU.ActiveCfg = Debug|Any CPU
		{D7AFA5DE-66B2-43A9-A9B9-02C0AB0322EB}.Debug|Any CPU.Build.0 = Debug|Any CPU
		{D7AFA5DE-66B2-43A9-A9B9-02C0AB0322EB}.Release|Any CPU.ActiveCfg = Release|Any CPU
		{D7AFA5DE-66B2-43A9-A9B9-02C0AB0322EB}.Release|Any CPU.Build.0 = Release|Any CPU
	EndGlobalSection
	GlobalSection(SolutionProperties) = preSolution
		HideSolutionNode = FALSE
	EndGlobalSection
	GlobalSection(ExtensibilityGlobals) = postSolution
		SolutionGuid = {309A8335-9176-4E22-905F-8AA34C84A2F7}
	EndGlobalSection
EndGlobal
